// !$*UTF8*$!
{
	archiveVersion = 1;
	classes = {
	};
	objectVersion = 56;
	objects = {

/* Begin PBXBuildFile section */
		3678F8482B16404A009A2E1D /* teslasyncApp.swift in Sources */ = {isa = PBXBuildFile; fileRef = 3678F8472B16404A009A2E1D /* teslasyncApp.swift */; };
		3678F84A2B16404A009A2E1D /* ContentView.swift in Sources */ = {isa = PBXBuildFile; fileRef = 3678F8492B16404A009A2E1D /* ContentView.swift */; };
		3678F84C2B16404C009A2E1D /* Assets.xcassets in Resources */ = {isa = PBXBuildFile; fileRef = 3678F84B2B16404C009A2E1D /* Assets.xcassets */; };
		3678F84F2B16404C009A2E1D /* Preview Assets.xcassets in Resources */ = {isa = PBXBuildFile; fileRef = 3678F84E2B16404C009A2E1D /* Preview Assets.xcassets */; };
		3678F8592B16404C009A2E1D /* teslasyncTests.swift in Sources */ = {isa = PBXBuildFile; fileRef = 3678F8582B16404C009A2E1D /* teslasyncTests.swift */; };
		3678F8632B16404C009A2E1D /* teslasyncUITests.swift in Sources */ = {isa = PBXBuildFile; fileRef = 3678F8622B16404C009A2E1D /* teslasyncUITests.swift */; };
		3678F8652B16404C009A2E1D /* teslasyncUITestsLaunchTests.swift in Sources */ = {isa = PBXBuildFile; fileRef = 3678F8642B16404C009A2E1D /* teslasyncUITestsLaunchTests.swift */; };
/* End PBXBuildFile section */

/* Begin PBXContainerItemProxy section */
		3678F8552B16404C009A2E1D /* PBXContainerItemProxy */ = {
			isa = PBXContainerItemProxy;
			containerPortal = 3678F83C2B16404A009A2E1D /* Project object */;
			proxyType = 1;
			remoteGlobalIDString = 3678F8432B16404A009A2E1D;
			remoteInfo = teslasync;
		};
		3678F85F2B16404C009A2E1D /* PBXContainerItemProxy */ = {
			isa = PBXContainerItemProxy;
			containerPortal = 3678F83C2B16404A009A2E1D /* Project object */;
			proxyType = 1;
			remoteGlobalIDString = 3678F8432B16404A009A2E1D;
			remoteInfo = teslasync;
		};
/* End PBXContainerItemProxy section */

/* Begin PBXFileReference section */
		3678F8442B16404A009A2E1D /* teslasync.app */ = {isa = PBXFileReference; explicitFileType = wrapper.application; includeInIndex = 0; path = teslasync.app; sourceTree = BUILT_PRODUCTS_DIR; };
		3678F8472B16404A009A2E1D /* teslasyncApp.swift */ = {isa = PBXFileReference; lastKnownFileType = sourcecode.swift; path = teslasyncApp.swift; sourceTree = "<group>"; };
		3678F8492B16404A009A2E1D /* ContentView.swift */ = {isa = PBXFileReference; lastKnownFileType = sourcecode.swift; path = ContentView.swift; sourceTree = "<group>"; };
		3678F84B2B16404C009A2E1D /* Assets.xcassets */ = {isa = PBXFileReference; lastKnownFileType = folder.assetcatalog; path = Assets.xcassets; sourceTree = "<group>"; };
		3678F84E2B16404C009A2E1D /* Preview Assets.xcassets */ = {isa = PBXFileReference; lastKnownFileType = folder.assetcatalog; path = "Preview Assets.xcassets"; sourceTree = "<group>"; };
		3678F8542B16404C009A2E1D /* teslasyncTests.xctest */ = {isa = PBXFileReference; explicitFileType = wrapper.cfbundle; includeInIndex = 0; path = teslasyncTests.xctest; sourceTree = BUILT_PRODUCTS_DIR; };
		3678F8582B16404C009A2E1D /* teslasyncTests.swift */ = {isa = PBXFileReference; lastKnownFileType = sourcecode.swift; path = teslasyncTests.swift; sourceTree = "<group>"; };
		3678F85E2B16404C009A2E1D /* teslasyncUITests.xctest */ = {isa = PBXFileReference; explicitFileType = wrapper.cfbundle; includeInIndex = 0; path = teslasyncUITests.xctest; sourceTree = BUILT_PRODUCTS_DIR; };
		3678F8622B16404C009A2E1D /* teslasyncUITests.swift */ = {isa = PBXFileReference; lastKnownFileType = sourcecode.swift; path = teslasyncUITests.swift; sourceTree = "<group>"; };
		3678F8642B16404C009A2E1D /* teslasyncUITestsLaunchTests.swift */ = {isa = PBXFileReference; lastKnownFileType = sourcecode.swift; path = teslasyncUITestsLaunchTests.swift; sourceTree = "<group>"; };
/* End PBXFileReference section */

/* Begin PBXFrameworksBuildPhase section */
		3678F8412B16404A009A2E1D /* Frameworks */ = {
			isa = PBXFrameworksBuildPhase;
			buildActionMask = 2147483647;
			files = (
			);
			runOnlyForDeploymentPostprocessing = 0;
		};
		3678F8512B16404C009A2E1D /* Frameworks */ = {
			isa = PBXFrameworksBuildPhase;
			buildActionMask = 2147483647;
			files = (
			);
			runOnlyForDeploymentPostprocessing = 0;
		};
		3678F85B2B16404C009A2E1D /* Frameworks */ = {
			isa = PBXFrameworksBuildPhase;
			buildActionMask = 2147483647;
			files = (
			);
			runOnlyForDeploymentPostprocessing = 0;
		};
/* End PBXFrameworksBuildPhase section */

/* Begin PBXGroup section */
		3678F83B2B16404A009A2E1D = {
			isa = PBXGroup;
			children = (
				3678F8462B16404A009A2E1D /* teslasync */,
				3678F8572B16404C009A2E1D /* teslasyncTests */,
				3678F8612B16404C009A2E1D /* teslasyncUITests */,
				3678F8452B16404A009A2E1D /* Products */,
			);
			sourceTree = "<group>";
		};
		3678F8452B16404A009A2E1D /* Products */ = {
			isa = PBXGroup;
			children = (
				3678F8442B16404A009A2E1D /* teslasync.app */,
				3678F8542B16404C009A2E1D /* teslasyncTests.xctest */,
				3678F85E2B16404C009A2E1D /* teslasyncUITests.xctest */,
			);
			name = Products;
			sourceTree = "<group>";
		};
		3678F8462B16404A009A2E1D /* teslasync */ = {
			isa = PBXGroup;
			children = (
				3678F8472B16404A009A2E1D /* teslasyncApp.swift */,
				3678F8492B16404A009A2E1D /* ContentView.swift */,
				3678F84B2B16404C009A2E1D /* Assets.xcassets */,
				3678F84D2B16404C009A2E1D /* Preview Content */,
			);
			path = teslasync;
			sourceTree = "<group>";
		};
		3678F84D2B16404C009A2E1D /* Preview Content */ = {
			isa = PBXGroup;
			children = (
				3678F84E2B16404C009A2E1D /* Preview Assets.xcassets */,
			);
			path = "Preview Content";
			sourceTree = "<group>";
		};
		3678F8572B16404C009A2E1D /* teslasyncTests */ = {
			isa = PBXGroup;
			children = (
				3678F8582B16404C009A2E1D /* teslasyncTests.swift */,
			);
			path = teslasyncTests;
			sourceTree = "<group>";
		};
		3678F8612B16404C009A2E1D /* teslasyncUITests */ = {
			isa = PBXGroup;
			children = (
				3678F8622B16404C009A2E1D /* teslasyncUITests.swift */,
				3678F8642B16404C009A2E1D /* teslasyncUITestsLaunchTests.swift */,
			);
			path = teslasyncUITests;
			sourceTree = "<group>";
		};
/* End PBXGroup section */

/* Begin PBXNativeTarget section */
		3678F8432B16404A009A2E1D /* teslasync */ = {
			isa = PBXNativeTarget;
			buildConfigurationList = 3678F8682B16404C009A2E1D /* Build configuration list for PBXNativeTarget "teslasync" */;
			buildPhases = (
				3678F8402B16404A009A2E1D /* Sources */,
				3678F8412B16404A009A2E1D /* Frameworks */,
				3678F8422B16404A009A2E1D /* Resources */,
			);
			buildRules = (
			);
			dependencies = (
			);
			name = teslasync;
			productName = teslasync;
			productReference = 3678F8442B16404A009A2E1D /* teslasync.app */;
			productType = "com.apple.product-type.application";
		};
		3678F8532B16404C009A2E1D /* teslasyncTests */ = {
			isa = PBXNativeTarget;
			buildConfigurationList = 3678F86B2B16404C009A2E1D /* Build configuration list for PBXNativeTarget "teslasyncTests" */;
			buildPhases = (
				3678F8502B16404C009A2E1D /* Sources */,
				3678F8512B16404C009A2E1D /* Frameworks */,
				3678F8522B16404C009A2E1D /* Resources */,
			);
			buildRules = (
			);
			dependencies = (
				3678F8562B16404C009A2E1D /* PBXTargetDependency */,
			);
			name = teslasyncTests;
			productName = teslasyncTests;
			productReference = 3678F8542B16404C009A2E1D /* teslasyncTests.xctest */;
			productType = "com.apple.product-type.bundle.unit-test";
		};
		3678F85D2B16404C009A2E1D /* teslasyncUITests */ = {
			isa = PBXNativeTarget;
			buildConfigurationList = 3678F86E2B16404C009A2E1D /* Build configuration list for PBXNativeTarget "teslasyncUITests" */;
			buildPhases = (
				3678F85A2B16404C009A2E1D /* Sources */,
				3678F85B2B16404C009A2E1D /* Frameworks */,
				3678F85C2B16404C009A2E1D /* Resources */,
			);
			buildRules = (
			);
			dependencies = (
				3678F8602B16404C009A2E1D /* PBXTargetDependency */,
			);
			name = teslasyncUITests;
			productName = teslasyncUITests;
			productReference = 3678F85E2B16404C009A2E1D /* teslasyncUITests.xctest */;
			productType = "com.apple.product-type.bundle.ui-testing";
		};
/* End PBXNativeTarget section */

/* Begin PBXProject section */
		3678F83C2B16404A009A2E1D /* Project object */ = {
			isa = PBXProject;
			attributes = {
				BuildIndependentTargetsInParallel = 1;
				LastSwiftUpdateCheck = 1500;
				LastUpgradeCheck = 1500;
				TargetAttributes = {
					3678F8432B16404A009A2E1D = {
						CreatedOnToolsVersion = 15.0.1;
					};
					3678F8532B16404C009A2E1D = {
						CreatedOnToolsVersion = 15.0.1;
						TestTargetID = 3678F8432B16404A009A2E1D;
					};
					3678F85D2B16404C009A2E1D = {
						CreatedOnToolsVersion = 15.0.1;
						TestTargetID = 3678F8432B16404A009A2E1D;
					};
				};
			};
			buildConfigurationList = 3678F83F2B16404A009A2E1D /* Build configuration list for PBXProject "teslasync" */;
			compatibilityVersion = "Xcode 14.0";
			developmentRegion = en;
			hasScannedForEncodings = 0;
			knownRegions = (
				en,
				Base,
			);
			mainGroup = 3678F83B2B16404A009A2E1D;
			productRefGroup = 3678F8452B16404A009A2E1D /* Products */;
			projectDirPath = "";
			projectRoot = "";
			targets = (
				3678F8432B16404A009A2E1D /* teslasync */,
				3678F8532B16404C009A2E1D /* teslasyncTests */,
				3678F85D2B16404C009A2E1D /* teslasyncUITests */,
			);
		};
/* End PBXProject section */

/* Begin PBXResourcesBuildPhase section */
		3678F8422B16404A009A2E1D /* Resources */ = {
			isa = PBXResourcesBuildPhase;
			buildActionMask = 2147483647;
			files = (
				3678F84F2B16404C009A2E1D /* Preview Assets.xcassets in Resources */,
				3678F84C2B16404C009A2E1D /* Assets.xcassets in Resources */,
			);
			runOnlyForDeploymentPostprocessing = 0;
		};
		3678F8522B16404C009A2E1D /* Resources */ = {
			isa = PBXResourcesBuildPhase;
			buildActionMask = 2147483647;
			files = (
			);
			runOnlyForDeploymentPostprocessing = 0;
		};
		3678F85C2B16404C009A2E1D /* Resources */ = {
			isa = PBXResourcesBuildPhase;
			buildActionMask = 2147483647;
			files = (
			);
			runOnlyForDeploymentPostprocessing = 0;
		};
/* End PBXResourcesBuildPhase section */

/* Begin PBXSourcesBuildPhase section */
		3678F8402B16404A009A2E1D /* Sources */ = {
			isa = PBXSourcesBuildPhase;
			buildActionMask = 2147483647;
			files = (
				3678F84A2B16404A009A2E1D /* ContentView.swift in Sources */,
				3678F8482B16404A009A2E1D /* teslasyncApp.swift in Sources */,
			);
			runOnlyForDeploymentPostprocessing = 0;
		};
		3678F8502B16404C009A2E1D /* Sources */ = {
			isa = PBXSourcesBuildPhase;
			buildActionMask = 2147483647;
			files = (
				3678F8592B16404C009A2E1D /* teslasyncTests.swift in Sources */,
			);
			runOnlyForDeploymentPostprocessing = 0;
		};
		3678F85A2B16404C009A2E1D /* Sources */ = {
			isa = PBXSourcesBuildPhase;
			buildActionMask = 2147483647;
			files = (
				3678F8632B16404C009A2E1D /* teslasyncUITests.swift in Sources */,
				3678F8652B16404C009A2E1D /* teslasyncUITestsLaunchTests.swift in Sources */,
			);
			runOnlyForDeploymentPostprocessing = 0;
		};
/* End PBXSourcesBuildPhase section */

/* Begin PBXTargetDependency section */
		3678F8562B16404C009A2E1D /* PBXTargetDependency */ = {
			isa = PBXTargetDependency;
			target = 3678F8432B16404A009A2E1D /* teslasync */;
			targetProxy = 3678F8552B16404C009A2E1D /* PBXContainerItemProxy */;
		};
		3678F8602B16404C009A2E1D /* PBXTargetDependency */ = {
			isa = PBXTargetDependency;
			target = 3678F8432B16404A009A2E1D /* teslasync */;
			targetProxy = 3678F85F2B16404C009A2E1D /* PBXContainerItemProxy */;
		};
/* End PBXTargetDependency section */

/* Begin XCBuildConfiguration section */
		3678F8662B16404C009A2E1D /* Debug */ = {
			isa = XCBuildConfiguration;
			buildSettings = {
				ALWAYS_SEARCH_USER_PATHS = NO;
				ASSETCATALOG_COMPILER_GENERATE_SWIFT_ASSET_SYMBOL_EXTENSIONS = YES;
				CLANG_ANALYZER_NONNULL = YES;
				CLANG_ANALYZER_NUMBER_OBJECT_CONVERSION = YES_AGGRESSIVE;
				CLANG_CXX_LANGUAGE_STANDARD = "gnu++20";
				CLANG_ENABLE_MODULES = YES;
				CLANG_ENABLE_OBJC_ARC = YES;
				CLANG_ENABLE_OBJC_WEAK = YES;
				CLANG_WARN_BLOCK_CAPTURE_AUTORELEASING = YES;
				CLANG_WARN_BOOL_CONVERSION = YES;
				CLANG_WARN_COMMA = YES;
				CLANG_WARN_CONSTANT_CONVERSION = YES;
				CLANG_WARN_DEPRECATED_OBJC_IMPLEMENTATIONS = YES;
				CLANG_WARN_DIRECT_OBJC_ISA_USAGE = YES_ERROR;
				CLANG_WARN_DOCUMENTATION_COMMENTS = YES;
				CLANG_WARN_EMPTY_BODY = YES;
				CLANG_WARN_ENUM_CONVERSION = YES;
				CLANG_WARN_INFINITE_RECURSION = YES;
				CLANG_WARN_INT_CONVERSION = YES;
				CLANG_WARN_NON_LITERAL_NULL_CONVERSION = YES;
				CLANG_WARN_OBJC_IMPLICIT_RETAIN_SELF = YES;
				CLANG_WARN_OBJC_LITERAL_CONVERSION = YES;
				CLANG_WARN_OBJC_ROOT_CLASS = YES_ERROR;
				CLANG_WARN_QUOTED_INCLUDE_IN_FRAMEWORK_HEADER = YES;
				CLANG_WARN_RANGE_LOOP_ANALYSIS = YES;
				CLANG_WARN_STRICT_PROTOTYPES = YES;
				CLANG_WARN_SUSPICIOUS_MOVE = YES;
				CLANG_WARN_UNGUARDED_AVAILABILITY = YES_AGGRESSIVE;
				CLANG_WARN_UNREACHABLE_CODE = YES;
				CLANG_WARN__DUPLICATE_METHOD_MATCH = YES;
				COPY_PHASE_STRIP = NO;
				DEBUG_INFORMATION_FORMAT = dwarf;
				ENABLE_STRICT_OBJC_MSGSEND = YES;
				ENABLE_TESTABILITY = YES;
				ENABLE_USER_SCRIPT_SANDBOXING = YES;
				GCC_C_LANGUAGE_STANDARD = gnu17;
				GCC_DYNAMIC_NO_PIC = NO;
				GCC_NO_COMMON_BLOCKS = YES;
				GCC_OPTIMIZATION_LEVEL = 0;
				GCC_PREPROCESSOR_DEFINITIONS = (
					"DEBUG=1",
					"$(inherited)",
				);
				GCC_WARN_64_TO_32_BIT_CONVERSION = YES;
				GCC_WARN_ABOUT_RETURN_TYPE = YES_ERROR;
				GCC_WARN_UNDECLARED_SELECTOR = YES;
				GCC_WARN_UNINITIALIZED_AUTOS = YES_AGGRESSIVE;
				GCC_WARN_UNUSED_FUNCTION = YES;
				GCC_WARN_UNUSED_VARIABLE = YES;
				IPHONEOS_DEPLOYMENT_TARGET = 17.0;
				LOCALIZATION_PREFERS_STRING_CATALOGS = YES;
				MTL_ENABLE_DEBUG_INFO = INCLUDE_SOURCE;
				MTL_FAST_MATH = YES;
				ONLY_ACTIVE_ARCH = YES;
				SDKROOT = iphoneos;
				SWIFT_ACTIVE_COMPILATION_CONDITIONS = "DEBUG $(inherited)";
				SWIFT_OPTIMIZATION_LEVEL = "-Onone";
			};
			name = Debug;
		};
		3678F8672B16404C009A2E1D /* Release */ = {
			isa = XCBuildConfiguration;
			buildSettings = {
				ALWAYS_SEARCH_USER_PATHS = NO;
				ASSETCATALOG_COMPILER_GENERATE_SWIFT_ASSET_SYMBOL_EXTENSIONS = YES;
				CLANG_ANALYZER_NONNULL = YES;
				CLANG_ANALYZER_NUMBER_OBJECT_CONVERSION = YES_AGGRESSIVE;
				CLANG_CXX_LANGUAGE_STANDARD = "gnu++20";
				CLANG_ENABLE_MODULES = YES;
				CLANG_ENABLE_OBJC_ARC = YES;
				CLANG_ENABLE_OBJC_WEAK = YES;
				CLANG_WARN_BLOCK_CAPTURE_AUTORELEASING = YES;
				CLANG_WARN_BOOL_CONVERSION = YES;
				CLANG_WARN_COMMA = YES;
				CLANG_WARN_CONSTANT_CONVERSION = YES;
				CLANG_WARN_DEPRECATED_OBJC_IMPLEMENTATIONS = YES;
				CLANG_WARN_DIRECT_OBJC_ISA_USAGE = YES_ERROR;
				CLANG_WARN_DOCUMENTATION_COMMENTS = YES;
				CLANG_WARN_EMPTY_BODY = YES;
				CLANG_WARN_ENUM_CONVERSION = YES;
				CLANG_WARN_INFINITE_RECURSION = YES;
				CLANG_WARN_INT_CONVERSION = YES;
				CLANG_WARN_NON_LITERAL_NULL_CONVERSION = YES;
				CLANG_WARN_OBJC_IMPLICIT_RETAIN_SELF = YES;
				CLANG_WARN_OBJC_LITERAL_CONVERSION = YES;
				CLANG_WARN_OBJC_ROOT_CLASS = YES_ERROR;
				CLANG_WARN_QUOTED_INCLUDE_IN_FRAMEWORK_HEADER = YES;
				CLANG_WARN_RANGE_LOOP_ANALYSIS = YES;
				CLANG_WARN_STRICT_PROTOTYPES = YES;
				CLANG_WARN_SUSPICIOUS_MOVE = YES;
				CLANG_WARN_UNGUARDED_AVAILABILITY = YES_AGGRESSIVE;
				CLANG_WARN_UNREACHABLE_CODE = YES;
				CLANG_WARN__DUPLICATE_METHOD_MATCH = YES;
				COPY_PHASE_STRIP = NO;
				DEBUG_INFORMATION_FORMAT = "dwarf-with-dsym";
				ENABLE_NS_ASSERTIONS = NO;
				ENABLE_STRICT_OBJC_MSGSEND = YES;
				ENABLE_USER_SCRIPT_SANDBOXING = YES;
				GCC_C_LANGUAGE_STANDARD = gnu17;
				GCC_NO_COMMON_BLOCKS = YES;
				GCC_WARN_64_TO_32_BIT_CONVERSION = YES;
				GCC_WARN_ABOUT_RETURN_TYPE = YES_ERROR;
				GCC_WARN_UNDECLARED_SELECTOR = YES;
				GCC_WARN_UNINITIALIZED_AUTOS = YES_AGGRESSIVE;
				GCC_WARN_UNUSED_FUNCTION = YES;
				GCC_WARN_UNUSED_VARIABLE = YES;
				IPHONEOS_DEPLOYMENT_TARGET = 17.0;
				LOCALIZATION_PREFERS_STRING_CATALOGS = YES;
				MTL_ENABLE_DEBUG_INFO = NO;
				MTL_FAST_MATH = YES;
				SDKROOT = iphoneos;
				SWIFT_COMPILATION_MODE = wholemodule;
				VALIDATE_PRODUCT = YES;
			};
			name = Release;
		};
		3678F8692B16404C009A2E1D /* Debug */ = {
			isa = XCBuildConfiguration;
			buildSettings = {
				ASSETCATALOG_COMPILER_APPICON_NAME = AppIcon;
				ASSETCATALOG_COMPILER_GLOBAL_ACCENT_COLOR_NAME = AccentColor;
				CODE_SIGN_STYLE = Automatic;
				CURRENT_PROJECT_VERSION = 1;
				DEVELOPMENT_ASSET_PATHS = "\"teslasync/Preview Content\"";
				ENABLE_PREVIEWS = YES;
				GENERATE_INFOPLIST_FILE = YES;
				INFOPLIST_KEY_UIApplicationSceneManifest_Generation = YES;
				INFOPLIST_KEY_UIApplicationSupportsIndirectInputEvents = YES;
				INFOPLIST_KEY_UILaunchScreen_Generation = YES;
				INFOPLIST_KEY_UISupportedInterfaceOrientations_iPad = "UIInterfaceOrientationPortrait UIInterfaceOrientationPortraitUpsideDown UIInterfaceOrientationLandscapeLeft UIInterfaceOrientationLandscapeRight";
				INFOPLIST_KEY_UISupportedInterfaceOrientations_iPhone = "UIInterfaceOrientationPortrait UIInterfaceOrientationLandscapeLeft UIInterfaceOrientationLandscapeRight";
				LD_RUNPATH_SEARCH_PATHS = (
					"$(inherited)",
					"@executable_path/Frameworks",
				);
				MARKETING_VERSION = 1.0;
				PRODUCT_BUNDLE_IDENTIFIER = com.nicolasjott.teslasync;
				PRODUCT_NAME = "$(TARGET_NAME)";
				SWIFT_EMIT_LOC_STRINGS = YES;
				SWIFT_VERSION = 5.0;
				TARGETED_DEVICE_FAMILY = "1,2";
			};
			name = Debug;
		};
		3678F86A2B16404C009A2E1D /* Release */ = {
			isa = XCBuildConfiguration;
			buildSettings = {
				ASSETCATALOG_COMPILER_APPICON_NAME = AppIcon;
				ASSETCATALOG_COMPILER_GLOBAL_ACCENT_COLOR_NAME = AccentColor;
				CODE_SIGN_STYLE = Automatic;
				CURRENT_PROJECT_VERSION = 1;
				DEVELOPMENT_ASSET_PATHS = "\"teslasync/Preview Content\"";
				ENABLE_PREVIEWS = YES;
				GENERATE_INFOPLIST_FILE = YES;
				INFOPLIST_KEY_UIApplicationSceneManifest_Generation = YES;
				INFOPLIST_KEY_UIApplicationSupportsIndirectInputEvents = YES;
				INFOPLIST_KEY_UILaunchScreen_Generation = YES;
				INFOPLIST_KEY_UISupportedInterfaceOrientations_iPad = "UIInterfaceOrientationPortrait UIInterfaceOrientationPortraitUpsideDown UIInterfaceOrientationLandscapeLeft UIInterfaceOrientationLandscapeRight";
				INFOPLIST_KEY_UISupportedInterfaceOrientations_iPhone = "UIInterfaceOrientationPortrait UIInterfaceOrientationLandscapeLeft UIInterfaceOrientationLandscapeRight";
				LD_RUNPATH_SEARCH_PATHS = (
					"$(inherited)",
					"@executable_path/Frameworks",
				);
				MARKETING_VERSION = 1.0;
				PRODUCT_BUNDLE_IDENTIFIER = com.nicolasjott.teslasync;
				PRODUCT_NAME = "$(TARGET_NAME)";
				SWIFT_EMIT_LOC_STRINGS = YES;
				SWIFT_VERSION = 5.0;
				TARGETED_DEVICE_FAMILY = "1,2";
			};
			name = Release;
		};
		3678F86C2B16404C009A2E1D /* Debug */ = {
			isa = XCBuildConfiguration;
			buildSettings = {
				ALWAYS_EMBED_SWIFT_STANDARD_LIBRARIES = YES;
				BUNDLE_LOADER = "$(TEST_HOST)";
				CODE_SIGN_STYLE = Automatic;
				CURRENT_PROJECT_VERSION = 1;
				GENERATE_INFOPLIST_FILE = YES;
				IPHONEOS_DEPLOYMENT_TARGET = 17.0;
				MARKETING_VERSION = 1.0;
				PRODUCT_BUNDLE_IDENTIFIER = com.nicolasjott.teslasyncTests;
				PRODUCT_NAME = "$(TARGET_NAME)";
				SWIFT_EMIT_LOC_STRINGS = NO;
				SWIFT_VERSION = 5.0;
				TARGETED_DEVICE_FAMILY = "1,2";
				TEST_HOST = "$(BUILT_PRODUCTS_DIR)/teslasync.app/$(BUNDLE_EXECUTABLE_FOLDER_PATH)/teslasync";
			};
			name = Debug;
		};
		3678F86D2B16404C009A2E1D /* Release */ = {
			isa = XCBuildConfiguration;
			buildSettings = {
				ALWAYS_EMBED_SWIFT_STANDARD_LIBRARIES = YES;
				BUNDLE_LOADER = "$(TEST_HOST)";
				CODE_SIGN_STYLE = Automatic;
				CURRENT_PROJECT_VERSION = 1;
				GENERATE_INFOPLIST_FILE = YES;
				IPHONEOS_DEPLOYMENT_TARGET = 17.0;
				MARKETING_VERSION = 1.0;
				PRODUCT_BUNDLE_IDENTIFIER = com.nicolasjott.teslasyncTests;
				PRODUCT_NAME = "$(TARGET_NAME)";
				SWIFT_EMIT_LOC_STRINGS = NO;
				SWIFT_VERSION = 5.0;
				TARGETED_DEVICE_FAMILY = "1,2";
				TEST_HOST = "$(BUILT_PRODUCTS_DIR)/teslasync.app/$(BUNDLE_EXECUTABLE_FOLDER_PATH)/teslasync";
			};
			name = Release;
		};
		3678F86F2B16404C009A2E1D /* Debug */ = {
			isa = XCBuildConfiguration;
			buildSettings = {
				ALWAYS_EMBED_SWIFT_STANDARD_LIBRARIES = YES;
				CODE_SIGN_STYLE = Automatic;
				CURRENT_PROJECT_VERSION = 1;
				GENERATE_INFOPLIST_FILE = YES;
				MARKETING_VERSION = 1.0;
				PRODUCT_BUNDLE_IDENTIFIER = com.nicolasjott.teslasyncUITests;
				PRODUCT_NAME = "$(TARGET_NAME)";
				SWIFT_EMIT_LOC_STRINGS = NO;
				SWIFT_VERSION = 5.0;
				TARGETED_DEVICE_FAMILY = "1,2";
				TEST_TARGET_NAME = teslasync;
			};
			name = Debug;
		};
		3678F8702B16404C009A2E1D /* Release */ = {
			isa = XCBuildConfiguration;
			buildSettings = {
				ALWAYS_EMBED_SWIFT_STANDARD_LIBRARIES = YES;
				CODE_SIGN_STYLE = Automatic;
				CURRENT_PROJECT_VERSION = 1;
				GENERATE_INFOPLIST_FILE = YES;
				MARKETING_VERSION = 1.0;
				PRODUCT_BUNDLE_IDENTIFIER = com.nicolasjott.teslasyncUITests;
				PRODUCT_NAME = "$(TARGET_NAME)";
				SWIFT_EMIT_LOC_STRINGS = NO;
				SWIFT_VERSION = 5.0;
				TARGETED_DEVICE_FAMILY = "1,2";
				TEST_TARGET_NAME = teslasync;
			};
			name = Release;
		};
/* End XCBuildConfiguration section */

/* Begin XCConfigurationList section */
		3678F83F2B16404A009A2E1D /* Build configuration list for PBXProject "teslasync" */ = {
			isa = XCConfigurationList;
			buildConfigurations = (
				3678F8662B16404C009A2E1D /* Debug */,
				3678F8672B16404C009A2E1D /* Release */,
			);
			defaultConfigurationIsVisible = 0;
			defaultConfigurationName = Release;
		};
		3678F8682B16404C009A2E1D /* Build configuration list for PBXNativeTarget "teslasync" */ = {
			isa = XCConfigurationList;
			buildConfigurations = (
				3678F8692B16404C009A2E1D /* Debug */,
				3678F86A2B16404C009A2E1D /* Release */,
			);
			defaultConfigurationIsVisible = 0;
			defaultConfigurationName = Release;
		};
		3678F86B2B16404C009A2E1D /* Build configuration list for PBXNativeTarget "teslasyncTests" */ = {
			isa = XCConfigurationList;
			buildConfigurations = (
				3678F86C2B16404C009A2E1D /* Debug */,
				3678F86D2B16404C009A2E1D /* Release */,
			);
			defaultConfigurationIsVisible = 0;
			defaultConfigurationName = Release;
		};
		3678F86E2B16404C009A2E1D /* Build configuration list for PBXNativeTarget "teslasyncUITests" */ = {
			isa = XCConfigurationList;
			buildConfigurations = (
				3678F86F2B16404C009A2E1D /* Debug */,
				3678F8702B16404C009A2E1D /* Release */,
			);
			defaultConfigurationIsVisible = 0;
			defaultConfigurationName = Release;
		};
/* End XCConfigurationList section */
	};
	rootObject = 3678F83C2B16404A009A2E1D /* Project object */;
}
